
Microsoft Visual Studio Solution File, Format Version 12.00
# Visual Studio Version 18
VisualStudioVersion = 18.3.11520.95 d18.3
MinimumVisualStudioVersion = 10.0.40219.1
Project("{FAE04EC0-301F-11D3-BF4B-00C04F79EFBC}") = "G2CCRMPortal", "G2CCRMPortal.csproj", "{7ACBA643-270A-F4DC-4E1F-66FBFF89563C}"
EndProject
Global
	GlobalSection(SolutionConfigurationPlatforms) = preSolution
		Debug|Any CPU = Debug|Any CPU
		Release|Any CPU = Release|Any CPU
	EndGlobalSection
	GlobalSection(ProjectConfigurationPlatforms) = postSolution
		{7ACBA643-270A-F4DC-4E1F-66FBFF89563C}.Debug|Any CPU.ActiveCfg = Debug|Any CPU
		{7ACBA643-270A-F4DC-4E1F-66FBFF89563C}.Debug|Any CPU.Build.0 = Debug|Any CPU
		{7ACBA643-270A-F4DC-4E1F-66FBFF89563C}.Release|Any CPU.ActiveCfg = Release|Any CPU
		{7ACBA643-270A-F4DC-4E1F-66FBFF89563C}.Release|Any CPU.Build.0 = Release|Any CPU
	EndGlobalSection
	GlobalSection(SolutionProperties) = preSolution
		HideSolutionNode = FALSE
	EndGlobalSection
	GlobalSection(ExtensibilityGlobals) = postSolution
		SolutionGuid = {4C18DE05-EF9A-4EF8-B21A-680BE936D5CC}
	EndGlobalSection
EndGlobal
